
Microsoft Visual Studio Solution File, Format Version 12.00
# Visual Studio 2012
Project("{FAE04EC0-301F-11D3-BF4B-00C04F79EFBC}") = "Cloud Based Hospital Management", "Cloud Based Hospital Management\Cloud Based Hospital Management.csproj", "{98B1379B-6847-4179-90BE-2EADC53D22D2}"
EndProject
Global
	GlobalSection(SolutionConfigurationPlatforms) = preSolution
		Debug|Any CPU = Debug|Any CPU
		Release|Any CPU = Release|Any CPU
	EndGlobalSection
	GlobalSection(ProjectConfigurationPlatforms) = postSolution
		{98B1379B-6847-4179-90BE-2EADC53D22D2}.Debug|Any CPU.ActiveCfg = Debug|Any CPU
		{98B1379B-6847-4179-90BE-2EADC53D22D2}.Debug|Any CPU.Build.0 = Debug|Any CPU
		{98B1379B-6847-4179-90BE-2EADC53D22D2}.Debug|Any CPU.Deploy.0 = Debug|Any CPU
		{98B1379B-6847-4179-90BE-2EADC53D22D2}.Release|Any CPU.ActiveCfg = Release|Any CPU
		{98B1379B-6847-4179-90BE-2EADC53D22D2}.Release|Any CPU.Build.0 = Release|Any CPU
	EndGlobalSection
	GlobalSection(SolutionProperties) = preSolution
		HideSolutionNode = FALSE
	EndGlobalSection
EndGlobal
